{
  "name": "@xkemox/kem-id",
  "version": "1.0.0",
  "lockfileVersion": 3,
  "requires": true,
  "packages": {
    "": {
      "name": "@xkemox/kem-id",
      "version": "1.0.0",
      "license": "ISC",
      "dependencies": {
        "kem-id": "^1.0.0"
      },
      "devDependencies": {}
    },
    "node_modules/kem-id": {
      "version": "1.0.0",
      "resolved": "https://registry.npmjs.org/kem-id/-/kem-id-1.0.0.tgz",
      "integrity": "sha512-qmfv5MIyawQ6Qyup1jf1njtCtIN81VRAuAfqx5bByJtvV45a/GTLHFwCXEh3r/uhFA6Ugmr9ruAyUTAsVeR3xA=="
    }
  }
}
